
Microsoft Visual Studio Solution File, Format Version 12.00
# Visual Studio 15
VisualStudioVersion = 15.0.28307.572
MinimumVisualStudioVersion = 10.0.40219.1
Project("{FAE04EC0-301F-11D3-BF4B-00C04F79EFBC}") = "InterfaceBook", "InterfaceBook\InterfaceBook.csproj", "{41366767-8E41-4D9A-9F1D-9570B6C73DBB}"
EndProject
Global
	GlobalSection(SolutionConfigurationPlatforms) = preSolution
		Debug|Any CPU = Debug|Any CPU
		Release|Any CPU = Release|Any CPU
	EndGlobalSection
	GlobalSection(ProjectConfigurationPlatforms) = postSolution
		{41366767-8E41-4D9A-9F1D-9570B6C73DBB}.Debug|Any CPU.ActiveCfg = Debug|Any CPU
		{41366767-8E41-4D9A-9F1D-9570B6C73DBB}.Debug|Any CPU.Build.0 = Debug|Any CPU
		{41366767-8E41-4D9A-9F1D-9570B6C73DBB}.Release|Any CPU.ActiveCfg = Release|Any CPU
		{41366767-8E41-4D9A-9F1D-9570B6C73DBB}.Release|Any CPU.Build.0 = Release|Any CPU
	EndGlobalSection
	GlobalSection(SolutionProperties) = preSolution
		HideSolutionNode = FALSE
	EndGlobalSection
	GlobalSection(ExtensibilityGlobals) = postSolution
		SolutionGuid = {B27D532E-2341-40C3-91EB-5800A40466BA}
	EndGlobalSection
EndGlobal
